
Microsoft Visual Studio Solution File, Format Version 12.00
# Visual Studio Version 16
VisualStudioVersion = 25.0.1704.0
MinimumVisualStudioVersion = 10.0.40219.1
Project("{FAE04EC0-301F-11D3-BF4B-00C04F79EFBC}") = "Raquel_Custodio_Projeto_Final", "Raquel_Custodio_Projeto_Final.csproj", "{8FE4CF30-FB3C-47AC-B0A8-E9E3F25CFA04}"
EndProject
Global
	GlobalSection(SolutionConfigurationPlatforms) = preSolution
		Debug|Any CPU = Debug|Any CPU
		Release|Any CPU = Release|Any CPU
	EndGlobalSection
	GlobalSection(ProjectConfigurationPlatforms) = postSolution
		{8FE4CF30-FB3C-47AC-B0A8-E9E3F25CFA04}.Debug|Any CPU.ActiveCfg = Debug|Any CPU
		{8FE4CF30-FB3C-47AC-B0A8-E9E3F25CFA04}.Debug|Any CPU.Build.0 = Debug|Any CPU
		{8FE4CF30-FB3C-47AC-B0A8-E9E3F25CFA04}.Release|Any CPU.ActiveCfg = Release|Any CPU
		{8FE4CF30-FB3C-47AC-B0A8-E9E3F25CFA04}.Release|Any CPU.Build.0 = Release|Any CPU
	EndGlobalSection
	GlobalSection(SolutionProperties) = preSolution
		HideSolutionNode = FALSE
	EndGlobalSection
	GlobalSection(ExtensibilityGlobals) = postSolution
		SolutionGuid = {E82DD23A-FCC8-4CB2-9EB4-E353F72DDD22}
	EndGlobalSection
EndGlobal
