
Microsoft Visual Studio Solution File, Format Version 12.00
# Visual Studio Version 16
VisualStudioVersion = 25.0.1703.7
MinimumVisualStudioVersion = 10.0.40219.1
Project("{FAE04EC0-301F-11D3-BF4B-00C04F79EFBC}") = "Raquel_Custodio_Projeto_Final", "Raquel_Custodio_Projeto_Final\Raquel_Custodio_Projeto_Final.csproj", "{3ABCF723-D97B-43A6-A768-5751EE5D4790}"
EndProject
Global
	GlobalSection(SolutionConfigurationPlatforms) = preSolution
		Debug|Any CPU = Debug|Any CPU
		Release|Any CPU = Release|Any CPU
	EndGlobalSection
	GlobalSection(ProjectConfigurationPlatforms) = postSolution
		{3ABCF723-D97B-43A6-A768-5751EE5D4790}.Debug|Any CPU.ActiveCfg = Debug|Any CPU
		{3ABCF723-D97B-43A6-A768-5751EE5D4790}.Debug|Any CPU.Build.0 = Debug|Any CPU
		{3ABCF723-D97B-43A6-A768-5751EE5D4790}.Release|Any CPU.ActiveCfg = Release|Any CPU
		{3ABCF723-D97B-43A6-A768-5751EE5D4790}.Release|Any CPU.Build.0 = Release|Any CPU
	EndGlobalSection
	GlobalSection(SolutionProperties) = preSolution
		HideSolutionNode = FALSE
	EndGlobalSection
	GlobalSection(ExtensibilityGlobals) = postSolution
		SolutionGuid = {BD705264-41D7-44B2-8A2B-092A23B6DB37}
	EndGlobalSection
EndGlobal
